// !$*UTF8*$!
{
	archiveVersion = 1;
	classes = {
	};
	objectVersion = 56;
	objects = {

/* Begin PBXBuildFile section */
		8129841129C89AF5002A4016 /* MarioKart_AdventureApp.swift in Sources */ = {isa = PBXBuildFile; fileRef = 8129841029C89AF5002A4016 /* MarioKart_AdventureApp.swift */; };
		8129841329C89AF5002A4016 /* ContentView.swift in Sources */ = {isa = PBXBuildFile; fileRef = 8129841229C89AF5002A4016 /* ContentView.swift */; };
		8129841529C89AF6002A4016 /* Assets.xcassets in Resources */ = {isa = PBXBuildFile; fileRef = 8129841429C89AF6002A4016 /* Assets.xcassets */; };
		8129841829C89AF6002A4016 /* Preview Assets.xcassets in Resources */ = {isa = PBXBuildFile; fileRef = 8129841729C89AF6002A4016 /* Preview Assets.xcassets */; };
		8129842229C89AF6002A4016 /* MarioKart_AdventureTests.swift in Sources */ = {isa = PBXBuildFile; fileRef = 8129842129C89AF6002A4016 /* MarioKart_AdventureTests.swift */; };
		8129842C29C89AF6002A4016 /* MarioKart_AdventureUITests.swift in Sources */ = {isa = PBXBuildFile; fileRef = 8129842B29C89AF6002A4016 /* MarioKart_AdventureUITests.swift */; };
		8129842E29C89AF6002A4016 /* MarioKart_AdventureUITestsLaunchTests.swift in Sources */ = {isa = PBXBuildFile; fileRef = 8129842D29C89AF6002A4016 /* MarioKart_AdventureUITestsLaunchTests.swift */; };
/* End PBXBuildFile section */

/* Begin PBXContainerItemProxy section */
		8129841E29C89AF6002A4016 /* PBXContainerItemProxy */ = {
			isa = PBXContainerItemProxy;
			containerPortal = 8129840529C89AF4002A4016 /* Project object */;
			proxyType = 1;
			remoteGlobalIDString = 8129840C29C89AF5002A4016;
			remoteInfo = "MarioKart-Adventure";
		};
		8129842829C89AF6002A4016 /* PBXContainerItemProxy */ = {
			isa = PBXContainerItemProxy;
			containerPortal = 8129840529C89AF4002A4016 /* Project object */;
			proxyType = 1;
			remoteGlobalIDString = 8129840C29C89AF5002A4016;
			remoteInfo = "MarioKart-Adventure";
		};
/* End PBXContainerItemProxy section */

/* Begin PBXFileReference section */
		8129840D29C89AF5002A4016 /* MarioKart-Adventure.app */ = {isa = PBXFileReference; explicitFileType = wrapper.application; includeInIndex = 0; path = "MarioKart-Adventure.app"; sourceTree = BUILT_PRODUCTS_DIR; };
		8129841029C89AF5002A4016 /* MarioKart_AdventureApp.swift */ = {isa = PBXFileReference; lastKnownFileType = sourcecode.swift; path = MarioKart_AdventureApp.swift; sourceTree = "<group>"; };
		8129841229C89AF5002A4016 /* ContentView.swift */ = {isa = PBXFileReference; lastKnownFileType = sourcecode.swift; path = ContentView.swift; sourceTree = "<group>"; };
		8129841429C89AF6002A4016 /* Assets.xcassets */ = {isa = PBXFileReference; lastKnownFileType = folder.assetcatalog; path = Assets.xcassets; sourceTree = "<group>"; };
		8129841729C89AF6002A4016 /* Preview Assets.xcassets */ = {isa = PBXFileReference; lastKnownFileType = folder.assetcatalog; path = "Preview Assets.xcassets"; sourceTree = "<group>"; };
		8129841D29C89AF6002A4016 /* MarioKart-AdventureTests.xctest */ = {isa = PBXFileReference; explicitFileType = wrapper.cfbundle; includeInIndex = 0; path = "MarioKart-AdventureTests.xctest"; sourceTree = BUILT_PRODUCTS_DIR; };
		8129842129C89AF6002A4016 /* MarioKart_AdventureTests.swift */ = {isa = PBXFileReference; lastKnownFileType = sourcecode.swift; path = MarioKart_AdventureTests.swift; sourceTree = "<group>"; };
		8129842729C89AF6002A4016 /* MarioKart-AdventureUITests.xctest */ = {isa = PBXFileReference; explicitFileType = wrapper.cfbundle; includeInIndex = 0; path = "MarioKart-AdventureUITests.xctest"; sourceTree = BUILT_PRODUCTS_DIR; };
		8129842B29C89AF6002A4016 /* MarioKart_AdventureUITests.swift */ = {isa = PBXFileReference; lastKnownFileType = sourcecode.swift; path = MarioKart_AdventureUITests.swift; sourceTree = "<group>"; };
		8129842D29C89AF6002A4016 /* MarioKart_AdventureUITestsLaunchTests.swift */ = {isa = PBXFileReference; lastKnownFileType = sourcecode.swift; path = MarioKart_AdventureUITestsLaunchTests.swift; sourceTree = "<group>"; };
/* End PBXFileReference section */

/* Begin PBXFrameworksBuildPhase section */
		8129840A29C89AF5002A4016 /* Frameworks */ = {
			isa = PBXFrameworksBuildPhase;
			buildActionMask = 2147483647;
			files = (
			);
			runOnlyForDeploymentPostprocessing = 0;
		};
		8129841A29C89AF6002A4016 /* Frameworks */ = {
			isa = PBXFrameworksBuildPhase;
			buildActionMask = 2147483647;
			files = (
			);
			runOnlyForDeploymentPostprocessing = 0;
		};
		8129842429C89AF6002A4016 /* Frameworks */ = {
			isa = PBXFrameworksBuildPhase;
			buildActionMask = 2147483647;
			files = (
			);
			runOnlyForDeploymentPostprocessing = 0;
		};
/* End PBXFrameworksBuildPhase section */

/* Begin PBXGroup section */
		8129840429C89AF4002A4016 = {
			isa = PBXGroup;
			children = (
				8129840F29C89AF5002A4016 /* MarioKart-Adventure */,
				8129842029C89AF6002A4016 /* MarioKart-AdventureTests */,
				8129842A29C89AF6002A4016 /* MarioKart-AdventureUITests */,
				8129840E29C89AF5002A4016 /* Products */,
			);
			sourceTree = "<group>";
		};
		8129840E29C89AF5002A4016 /* Products */ = {
			isa = PBXGroup;
			children = (
				8129840D29C89AF5002A4016 /* MarioKart-Adventure.app */,
				8129841D29C89AF6002A4016 /* MarioKart-AdventureTests.xctest */,
				8129842729C89AF6002A4016 /* MarioKart-AdventureUITests.xctest */,
			);
			name = Products;
			sourceTree = "<group>";
		};
		8129840F29C89AF5002A4016 /* MarioKart-Adventure */ = {
			isa = PBXGroup;
			children = (
				8129841029C89AF5002A4016 /* MarioKart_AdventureApp.swift */,
				8129841229C89AF5002A4016 /* ContentView.swift */,
				8129841429C89AF6002A4016 /* Assets.xcassets */,
				8129841629C89AF6002A4016 /* Preview Content */,
			);
			path = "MarioKart-Adventure";
			sourceTree = "<group>";
		};
		8129841629C89AF6002A4016 /* Preview Content */ = {
			isa = PBXGroup;
			children = (
				8129841729C89AF6002A4016 /* Preview Assets.xcassets */,
			);
			path = "Preview Content";
			sourceTree = "<group>";
		};
		8129842029C89AF6002A4016 /* MarioKart-AdventureTests */ = {
			isa = PBXGroup;
			children = (
				8129842129C89AF6002A4016 /* MarioKart_AdventureTests.swift */,
			);
			path = "MarioKart-AdventureTests";
			sourceTree = "<group>";
		};
		8129842A29C89AF6002A4016 /* MarioKart-AdventureUITests */ = {
			isa = PBXGroup;
			children = (
				8129842B29C89AF6002A4016 /* MarioKart_AdventureUITests.swift */,
				8129842D29C89AF6002A4016 /* MarioKart_AdventureUITestsLaunchTests.swift */,
			);
			path = "MarioKart-AdventureUITests";
			sourceTree = "<group>";
		};
/* End PBXGroup section */

/* Begin PBXNativeTarget section */
		8129840C29C89AF5002A4016 /* MarioKart-Adventure */ = {
			isa = PBXNativeTarget;
			buildConfigurationList = 8129843129C89AF6002A4016 /* Build configuration list for PBXNativeTarget "MarioKart-Adventure" */;
			buildPhases = (
				8129840929C89AF5002A4016 /* Sources */,
				8129840A29C89AF5002A4016 /* Frameworks */,
				8129840B29C89AF5002A4016 /* Resources */,
			);
			buildRules = (
			);
			dependencies = (
			);
			name = "MarioKart-Adventure";
			productName = "MarioKart-Adventure";
			productReference = 8129840D29C89AF5002A4016 /* MarioKart-Adventure.app */;
			productType = "com.apple.product-type.application";
		};
		8129841C29C89AF6002A4016 /* MarioKart-AdventureTests */ = {
			isa = PBXNativeTarget;
			buildConfigurationList = 8129843429C89AF6002A4016 /* Build configuration list for PBXNativeTarget "MarioKart-AdventureTests" */;
			buildPhases = (
				8129841929C89AF6002A4016 /* Sources */,
				8129841A29C89AF6002A4016 /* Frameworks */,
				8129841B29C89AF6002A4016 /* Resources */,
			);
			buildRules = (
			);
			dependencies = (
				8129841F29C89AF6002A4016 /* PBXTargetDependency */,
			);
			name = "MarioKart-AdventureTests";
			productName = "MarioKart-AdventureTests";
			productReference = 8129841D29C89AF6002A4016 /* MarioKart-AdventureTests.xctest */;
			productType = "com.apple.product-type.bundle.unit-test";
		};
		8129842629C89AF6002A4016 /* MarioKart-AdventureUITests */ = {
			isa = PBXNativeTarget;
			buildConfigurationList = 8129843729C89AF6002A4016 /* Build configuration list for PBXNativeTarget "MarioKart-AdventureUITests" */;
			buildPhases = (
				8129842329C89AF6002A4016 /* Sources */,
				8129842429C89AF6002A4016 /* Frameworks */,
				8129842529C89AF6002A4016 /* Resources */,
			);
			buildRules = (
			);
			dependencies = (
				8129842929C89AF6002A4016 /* PBXTargetDependency */,
			);
			name = "MarioKart-AdventureUITests";
			productName = "MarioKart-AdventureUITests";
			productReference = 8129842729C89AF6002A4016 /* MarioKart-AdventureUITests.xctest */;
			productType = "com.apple.product-type.bundle.ui-testing";
		};
/* End PBXNativeTarget section */

/* Begin PBXProject section */
		8129840529C89AF4002A4016 /* Project object */ = {
			isa = PBXProject;
			attributes = {
				BuildIndependentTargetsInParallel = 1;
				LastSwiftUpdateCheck = 1420;
				LastUpgradeCheck = 1420;
				TargetAttributes = {
					8129840C29C89AF5002A4016 = {
						CreatedOnToolsVersion = 14.2;
					};
					8129841C29C89AF6002A4016 = {
						CreatedOnToolsVersion = 14.2;
						TestTargetID = 8129840C29C89AF5002A4016;
					};
					8129842629C89AF6002A4016 = {
						CreatedOnToolsVersion = 14.2;
						TestTargetID = 8129840C29C89AF5002A4016;
					};
				};
			};
			buildConfigurationList = 8129840829C89AF4002A4016 /* Build configuration list for PBXProject "MarioKart-Adventure" */;
			compatibilityVersion = "Xcode 14.0";
			developmentRegion = en;
			hasScannedForEncodings = 0;
			knownRegions = (
				en,
				Base,
			);
			mainGroup = 8129840429C89AF4002A4016;
			productRefGroup = 8129840E29C89AF5002A4016 /* Products */;
			projectDirPath = "";
			projectRoot = "";
			targets = (
				8129840C29C89AF5002A4016 /* MarioKart-Adventure */,
				8129841C29C89AF6002A4016 /* MarioKart-AdventureTests */,
				8129842629C89AF6002A4016 /* MarioKart-AdventureUITests */,
			);
		};
/* End PBXProject section */

/* Begin PBXResourcesBuildPhase section */
		8129840B29C89AF5002A4016 /* Resources */ = {
			isa = PBXResourcesBuildPhase;
			buildActionMask = 2147483647;
			files = (
				8129841829C89AF6002A4016 /* Preview Assets.xcassets in Resources */,
				8129841529C89AF6002A4016 /* Assets.xcassets in Resources */,
			);
			runOnlyForDeploymentPostprocessing = 0;
		};
		8129841B29C89AF6002A4016 /* Resources */ = {
			isa = PBXResourcesBuildPhase;
			buildActionMask = 2147483647;
			files = (
			);
			runOnlyForDeploymentPostprocessing = 0;
		};
		8129842529C89AF6002A4016 /* Resources */ = {
			isa = PBXResourcesBuildPhase;
			buildActionMask = 2147483647;
			files = (
			);
			runOnlyForDeploymentPostprocessing = 0;
		};
/* End PBXResourcesBuildPhase section */

/* Begin PBXSourcesBuildPhase section */
		8129840929C89AF5002A4016 /* Sources */ = {
			isa = PBXSourcesBuildPhase;
			buildActionMask = 2147483647;
			files = (
				8129841329C89AF5002A4016 /* ContentView.swift in Sources */,
				8129841129C89AF5002A4016 /* MarioKart_AdventureApp.swift in Sources */,
			);
			runOnlyForDeploymentPostprocessing = 0;
		};
		8129841929C89AF6002A4016 /* Sources */ = {
			isa = PBXSourcesBuildPhase;
			buildActionMask = 2147483647;
			files = (
				8129842229C89AF6002A4016 /* MarioKart_AdventureTests.swift in Sources */,
			);
			runOnlyForDeploymentPostprocessing = 0;
		};
		8129842329C89AF6002A4016 /* Sources */ = {
			isa = PBXSourcesBuildPhase;
			buildActionMask = 2147483647;
			files = (
				8129842E29C89AF6002A4016 /* MarioKart_AdventureUITestsLaunchTests.swift in Sources */,
				8129842C29C89AF6002A4016 /* MarioKart_AdventureUITests.swift in Sources */,
			);
			runOnlyForDeploymentPostprocessing = 0;
		};
/* End PBXSourcesBuildPhase section */

/* Begin PBXTargetDependency section */
		8129841F29C89AF6002A4016 /* PBXTargetDependency */ = {
			isa = PBXTargetDependency;
			target = 8129840C29C89AF5002A4016 /* MarioKart-Adventure */;
			targetProxy = 8129841E29C89AF6002A4016 /* PBXContainerItemProxy */;
		};
		8129842929C89AF6002A4016 /* PBXTargetDependency */ = {
			isa = PBXTargetDependency;
			target = 8129840C29C89AF5002A4016 /* MarioKart-Adventure */;
			targetProxy = 8129842829C89AF6002A4016 /* PBXContainerItemProxy */;
		};
/* End PBXTargetDependency section */

/* Begin XCBuildConfiguration section */
		8129842F29C89AF6002A4016 /* Debug */ = {
			isa = XCBuildConfiguration;
			buildSettings = {
				ALWAYS_SEARCH_USER_PATHS = NO;
				CLANG_ANALYZER_NONNULL = YES;
				CLANG_ANALYZER_NUMBER_OBJECT_CONVERSION = YES_AGGRESSIVE;
				CLANG_CXX_LANGUAGE_STANDARD = "gnu++20";
				CLANG_ENABLE_MODULES = YES;
				CLANG_ENABLE_OBJC_ARC = YES;
				CLANG_ENABLE_OBJC_WEAK = YES;
				CLANG_WARN_BLOCK_CAPTURE_AUTORELEASING = YES;
				CLANG_WARN_BOOL_CONVERSION = YES;
				CLANG_WARN_COMMA = YES;
				CLANG_WARN_CONSTANT_CONVERSION = YES;
				CLANG_WARN_DEPRECATED_OBJC_IMPLEMENTATIONS = YES;
				CLANG_WARN_DIRECT_OBJC_ISA_USAGE = YES_ERROR;
				CLANG_WARN_DOCUMENTATION_COMMENTS = YES;
				CLANG_WARN_EMPTY_BODY = YES;
				CLANG_WARN_ENUM_CONVERSION = YES;
				CLANG_WARN_INFINITE_RECURSION = YES;
				CLANG_WARN_INT_CONVERSION = YES;
				CLANG_WARN_NON_LITERAL_NULL_CONVERSION = YES;
				CLANG_WARN_OBJC_IMPLICIT_RETAIN_SELF = YES;
				CLANG_WARN_OBJC_LITERAL_CONVERSION = YES;
				CLANG_WARN_OBJC_ROOT_CLASS = YES_ERROR;
				CLANG_WARN_QUOTED_INCLUDE_IN_FRAMEWORK_HEADER = YES;
				CLANG_WARN_RANGE_LOOP_ANALYSIS = YES;
				CLANG_WARN_STRICT_PROTOTYPES = YES;
				CLANG_WARN_SUSPICIOUS_MOVE = YES;
				CLANG_WARN_UNGUARDED_AVAILABILITY = YES_AGGRESSIVE;
				CLANG_WARN_UNREACHABLE_CODE = YES;
				CLANG_WARN__DUPLICATE_METHOD_MATCH = YES;
				COPY_PHASE_STRIP = NO;
				DEBUG_INFORMATION_FORMAT = dwarf;
				ENABLE_STRICT_OBJC_MSGSEND = YES;
				ENABLE_TESTABILITY = YES;
				GCC_C_LANGUAGE_STANDARD = gnu11;
				GCC_DYNAMIC_NO_PIC = NO;
				GCC_NO_COMMON_BLOCKS = YES;
				GCC_OPTIMIZATION_LEVEL = 0;
				GCC_PREPROCESSOR_DEFINITIONS = (
					"DEBUG=1",
					"$(inherited)",
				);
				GCC_WARN_64_TO_32_BIT_CONVERSION = YES;
				GCC_WARN_ABOUT_RETURN_TYPE = YES_ERROR;
				GCC_WARN_UNDECLARED_SELECTOR = YES;
				GCC_WARN_UNINITIALIZED_AUTOS = YES_AGGRESSIVE;
				GCC_WARN_UNUSED_FUNCTION = YES;
				GCC_WARN_UNUSED_VARIABLE = YES;
				IPHONEOS_DEPLOYMENT_TARGET = 16.2;
				MTL_ENABLE_DEBUG_INFO = INCLUDE_SOURCE;
				MTL_FAST_MATH = YES;
				ONLY_ACTIVE_ARCH = YES;
				SDKROOT = iphoneos;
				SWIFT_ACTIVE_COMPILATION_CONDITIONS = DEBUG;
				SWIFT_OPTIMIZATION_LEVEL = "-Onone";
			};
			name = Debug;
		};
		8129843029C89AF6002A4016 /* Release */ = {
			isa = XCBuildConfiguration;
			buildSettings = {
				ALWAYS_SEARCH_USER_PATHS = NO;
				CLANG_ANALYZER_NONNULL = YES;
				CLANG_ANALYZER_NUMBER_OBJECT_CONVERSION = YES_AGGRESSIVE;
				CLANG_CXX_LANGUAGE_STANDARD = "gnu++20";
				CLANG_ENABLE_MODULES = YES;
				CLANG_ENABLE_OBJC_ARC = YES;
				CLANG_ENABLE_OBJC_WEAK = YES;
				CLANG_WARN_BLOCK_CAPTURE_AUTORELEASING = YES;
				CLANG_WARN_BOOL_CONVERSION = YES;
				CLANG_WARN_COMMA = YES;
				CLANG_WARN_CONSTANT_CONVERSION = YES;
				CLANG_WARN_DEPRECATED_OBJC_IMPLEMENTATIONS = YES;
				CLANG_WARN_DIRECT_OBJC_ISA_USAGE = YES_ERROR;
				CLANG_WARN_DOCUMENTATION_COMMENTS = YES;
				CLANG_WARN_EMPTY_BODY = YES;
				CLANG_WARN_ENUM_CONVERSION = YES;
				CLANG_WARN_INFINITE_RECURSION = YES;
				CLANG_WARN_INT_CONVERSION = YES;
				CLANG_WARN_NON_LITERAL_NULL_CONVERSION = YES;
				CLANG_WARN_OBJC_IMPLICIT_RETAIN_SELF = YES;
				CLANG_WARN_OBJC_LITERAL_CONVERSION = YES;
				CLANG_WARN_OBJC_ROOT_CLASS = YES_ERROR;
				CLANG_WARN_QUOTED_INCLUDE_IN_FRAMEWORK_HEADER = YES;
				CLANG_WARN_RANGE_LOOP_ANALYSIS = YES;
				CLANG_WARN_STRICT_PROTOTYPES = YES;
				CLANG_WARN_SUSPICIOUS_MOVE = YES;
				CLANG_WARN_UNGUARDED_AVAILABILITY = YES_AGGRESSIVE;
				CLANG_WARN_UNREACHABLE_CODE = YES;
				CLANG_WARN__DUPLICATE_METHOD_MATCH = YES;
				COPY_PHASE_STRIP = NO;
				DEBUG_INFORMATION_FORMAT = "dwarf-with-dsym";
				ENABLE_NS_ASSERTIONS = NO;
				ENABLE_STRICT_OBJC_MSGSEND = YES;
				GCC_C_LANGUAGE_STANDARD = gnu11;
				GCC_NO_COMMON_BLOCKS = YES;
				GCC_WARN_64_TO_32_BIT_CONVERSION = YES;
				GCC_WARN_ABOUT_RETURN_TYPE = YES_ERROR;
				GCC_WARN_UNDECLARED_SELECTOR = YES;
				GCC_WARN_UNINITIALIZED_AUTOS = YES_AGGRESSIVE;
				GCC_WARN_UNUSED_FUNCTION = YES;
				GCC_WARN_UNUSED_VARIABLE = YES;
				IPHONEOS_DEPLOYMENT_TARGET = 16.2;
				MTL_ENABLE_DEBUG_INFO = NO;
				MTL_FAST_MATH = YES;
				SDKROOT = iphoneos;
				SWIFT_COMPILATION_MODE = wholemodule;
				SWIFT_OPTIMIZATION_LEVEL = "-O";
				VALIDATE_PRODUCT = YES;
			};
			name = Release;
		};
		8129843229C89AF6002A4016 /* Debug */ = {
			isa = XCBuildConfiguration;
			buildSettings = {
				ASSETCATALOG_COMPILER_APPICON_NAME = AppIcon;
				ASSETCATALOG_COMPILER_GLOBAL_ACCENT_COLOR_NAME = AccentColor;
				CODE_SIGN_STYLE = Automatic;
				CURRENT_PROJECT_VERSION = 1;
				DEVELOPMENT_ASSET_PATHS = "\"MarioKart-Adventure/Preview Content\"";
				ENABLE_PREVIEWS = YES;
				GENERATE_INFOPLIST_FILE = YES;
				INFOPLIST_KEY_UIApplicationSceneManifest_Generation = YES;
				INFOPLIST_KEY_UIApplicationSupportsIndirectInputEvents = YES;
				INFOPLIST_KEY_UILaunchScreen_Generation = YES;
				INFOPLIST_KEY_UISupportedInterfaceOrientations_iPad = "UIInterfaceOrientationPortrait UIInterfaceOrientationPortraitUpsideDown UIInterfaceOrientationLandscapeLeft UIInterfaceOrientationLandscapeRight";
				INFOPLIST_KEY_UISupportedInterfaceOrientations_iPhone = "UIInterfaceOrientationPortrait UIInterfaceOrientationLandscapeLeft UIInterfaceOrientationLandscapeRight";
				LD_RUNPATH_SEARCH_PATHS = (
					"$(inherited)",
					"@executable_path/Frameworks",
				);
				MARKETING_VERSION = 1.0;
				PRODUCT_BUNDLE_IDENTIFIER = "com.lucabulless.ASM.MarioKart-Adventure";
				PRODUCT_NAME = "$(TARGET_NAME)";
				SWIFT_EMIT_LOC_STRINGS = YES;
				SWIFT_VERSION = 5.0;
				TARGETED_DEVICE_FAMILY = "1,2";
			};
			name = Debug;
		};
		8129843329C89AF6002A4016 /* Release */ = {
			isa = XCBuildConfiguration;
			buildSettings = {
				ASSETCATALOG_COMPILER_APPICON_NAME = AppIcon;
				ASSETCATALOG_COMPILER_GLOBAL_ACCENT_COLOR_NAME = AccentColor;
				CODE_SIGN_STYLE = Automatic;
				CURRENT_PROJECT_VERSION = 1;
				DEVELOPMENT_ASSET_PATHS = "\"MarioKart-Adventure/Preview Content\"";
				ENABLE_PREVIEWS = YES;
				GENERATE_INFOPLIST_FILE = YES;
				INFOPLIST_KEY_UIApplicationSceneManifest_Generation = YES;
				INFOPLIST_KEY_UIApplicationSupportsIndirectInputEvents = YES;
				INFOPLIST_KEY_UILaunchScreen_Generation = YES;
				INFOPLIST_KEY_UISupportedInterfaceOrientations_iPad = "UIInterfaceOrientationPortrait UIInterfaceOrientationPortraitUpsideDown UIInterfaceOrientationLandscapeLeft UIInterfaceOrientationLandscapeRight";
				INFOPLIST_KEY_UISupportedInterfaceOrientations_iPhone = "UIInterfaceOrientationPortrait UIInterfaceOrientationLandscapeLeft UIInterfaceOrientationLandscapeRight";
				LD_RUNPATH_SEARCH_PATHS = (
					"$(inherited)",
					"@executable_path/Frameworks",
				);
				MARKETING_VERSION = 1.0;
				PRODUCT_BUNDLE_IDENTIFIER = "com.lucabulless.ASM.MarioKart-Adventure";
				PRODUCT_NAME = "$(TARGET_NAME)";
				SWIFT_EMIT_LOC_STRINGS = YES;
				SWIFT_VERSION = 5.0;
				TARGETED_DEVICE_FAMILY = "1,2";
			};
			name = Release;
		};
		8129843529C89AF6002A4016 /* Debug */ = {
			isa = XCBuildConfiguration;
			buildSettings = {
				ALWAYS_EMBED_SWIFT_STANDARD_LIBRARIES = YES;
				BUNDLE_LOADER = "$(TEST_HOST)";
				CODE_SIGN_STYLE = Automatic;
				CURRENT_PROJECT_VERSION = 1;
				GENERATE_INFOPLIST_FILE = YES;
				IPHONEOS_DEPLOYMENT_TARGET = 16.2;
				MARKETING_VERSION = 1.0;
				PRODUCT_BUNDLE_IDENTIFIER = "com.lucabulless.ASM.MarioKart-AdventureTests";
				PRODUCT_NAME = "$(TARGET_NAME)";
				SWIFT_EMIT_LOC_STRINGS = NO;
				SWIFT_VERSION = 5.0;
				TARGETED_DEVICE_FAMILY = "1,2";
				TEST_HOST = "$(BUILT_PRODUCTS_DIR)/MarioKart-Adventure.app/$(BUNDLE_EXECUTABLE_FOLDER_PATH)/MarioKart-Adventure";
			};
			name = Debug;
		};
		8129843629C89AF6002A4016 /* Release */ = {
			isa = XCBuildConfiguration;
			buildSettings = {
				ALWAYS_EMBED_SWIFT_STANDARD_LIBRARIES = YES;
				BUNDLE_LOADER = "$(TEST_HOST)";
				CODE_SIGN_STYLE = Automatic;
				CURRENT_PROJECT_VERSION = 1;
				GENERATE_INFOPLIST_FILE = YES;
				IPHONEOS_DEPLOYMENT_TARGET = 16.2;
				MARKETING_VERSION = 1.0;
				PRODUCT_BUNDLE_IDENTIFIER = "com.lucabulless.ASM.MarioKart-AdventureTests";
				PRODUCT_NAME = "$(TARGET_NAME)";
				SWIFT_EMIT_LOC_STRINGS = NO;
				SWIFT_VERSION = 5.0;
				TARGETED_DEVICE_FAMILY = "1,2";
				TEST_HOST = "$(BUILT_PRODUCTS_DIR)/MarioKart-Adventure.app/$(BUNDLE_EXECUTABLE_FOLDER_PATH)/MarioKart-Adventure";
			};
			name = Release;
		};
		8129843829C89AF6002A4016 /* Debug */ = {
			isa = XCBuildConfiguration;
			buildSettings = {
				ALWAYS_EMBED_SWIFT_STANDARD_LIBRARIES = YES;
				CODE_SIGN_STYLE = Automatic;
				CURRENT_PROJECT_VERSION = 1;
				GENERATE_INFOPLIST_FILE = YES;
				MARKETING_VERSION = 1.0;
				PRODUCT_BUNDLE_IDENTIFIER = "com.lucabulless.ASM.MarioKart-AdventureUITests";
				PRODUCT_NAME = "$(TARGET_NAME)";
				SWIFT_EMIT_LOC_STRINGS = NO;
				SWIFT_VERSION = 5.0;
				TARGETED_DEVICE_FAMILY = "1,2";
				TEST_TARGET_NAME = "MarioKart-Adventure";
			};
			name = Debug;
		};
		8129843929C89AF6002A4016 /* Release */ = {
			isa = XCBuildConfiguration;
			buildSettings = {
				ALWAYS_EMBED_SWIFT_STANDARD_LIBRARIES = YES;
				CODE_SIGN_STYLE = Automatic;
				CURRENT_PROJECT_VERSION = 1;
				GENERATE_INFOPLIST_FILE = YES;
				MARKETING_VERSION = 1.0;
				PRODUCT_BUNDLE_IDENTIFIER = "com.lucabulless.ASM.MarioKart-AdventureUITests";
				PRODUCT_NAME = "$(TARGET_NAME)";
				SWIFT_EMIT_LOC_STRINGS = NO;
				SWIFT_VERSION = 5.0;
				TARGETED_DEVICE_FAMILY = "1,2";
				TEST_TARGET_NAME = "MarioKart-Adventure";
			};
			name = Release;
		};
/* End XCBuildConfiguration section */

/* Begin XCConfigurationList section */
		8129840829C89AF4002A4016 /* Build configuration list for PBXProject "MarioKart-Adventure" */ = {
			isa = XCConfigurationList;
			buildConfigurations = (
				8129842F29C89AF6002A4016 /* Debug */,
				8129843029C89AF6002A4016 /* Release */,
			);
			defaultConfigurationIsVisible = 0;
			defaultConfigurationName = Release;
		};
		8129843129C89AF6002A4016 /* Build configuration list for PBXNativeTarget "MarioKart-Adventure" */ = {
			isa = XCConfigurationList;
			buildConfigurations = (
				8129843229C89AF6002A4016 /* Debug */,
				8129843329C89AF6002A4016 /* Release */,
			);
			defaultConfigurationIsVisible = 0;
			defaultConfigurationName = Release;
		};
		8129843429C89AF6002A4016 /* Build configuration list for PBXNativeTarget "MarioKart-AdventureTests" */ = {
			isa = XCConfigurationList;
			buildConfigurations = (
				8129843529C89AF6002A4016 /* Debug */,
				8129843629C89AF6002A4016 /* Release */,
			);
			defaultConfigurationIsVisible = 0;
			defaultConfigurationName = Release;
		};
		8129843729C89AF6002A4016 /* Build configuration list for PBXNativeTarget "MarioKart-AdventureUITests" */ = {
			isa = XCConfigurationList;
			buildConfigurations = (
				8129843829C89AF6002A4016 /* Debug */,
				8129843929C89AF6002A4016 /* Release */,
			);
			defaultConfigurationIsVisible = 0;
			defaultConfigurationName = Release;
		};
/* End XCConfigurationList section */
	};
	rootObject = 8129840529C89AF4002A4016 /* Project object */;
}
